
Microsoft Visual Studio Solution File, Format Version 12.00
# Visual Studio 15
VisualStudioVersion = 15.0.28010.2046
MinimumVisualStudioVersion = 10.0.40219.1
Project("{FAE04EC0-301F-11D3-BF4B-00C04F79EFBC}") = "KnjiznicaAPI", "KnjiznicaAPI\KnjiznicaAPI.csproj", "{57387EB2-73AD-4D51-A64C-9C2090B2DC15}"
EndProject
Project("{FAE04EC0-301F-11D3-BF4B-00C04F79EFBC}") = "Knjiznica", "Knjiznica\Knjiznica.csproj", "{A9BFE863-3B99-48B0-8611-CD288472DE8E}"
EndProject
Global
	GlobalSection(SolutionConfigurationPlatforms) = preSolution
		Debug|Any CPU = Debug|Any CPU
		Release|Any CPU = Release|Any CPU
	EndGlobalSection
	GlobalSection(ProjectConfigurationPlatforms) = postSolution
		{57387EB2-73AD-4D51-A64C-9C2090B2DC15}.Debug|Any CPU.ActiveCfg = Debug|Any CPU
		{57387EB2-73AD-4D51-A64C-9C2090B2DC15}.Debug|Any CPU.Build.0 = Debug|Any CPU
		{57387EB2-73AD-4D51-A64C-9C2090B2DC15}.Release|Any CPU.ActiveCfg = Release|Any CPU
		{57387EB2-73AD-4D51-A64C-9C2090B2DC15}.Release|Any CPU.Build.0 = Release|Any CPU
		{A9BFE863-3B99-48B0-8611-CD288472DE8E}.Debug|Any CPU.ActiveCfg = Debug|Any CPU
		{A9BFE863-3B99-48B0-8611-CD288472DE8E}.Debug|Any CPU.Build.0 = Debug|Any CPU
		{A9BFE863-3B99-48B0-8611-CD288472DE8E}.Release|Any CPU.ActiveCfg = Release|Any CPU
		{A9BFE863-3B99-48B0-8611-CD288472DE8E}.Release|Any CPU.Build.0 = Release|Any CPU
	EndGlobalSection
	GlobalSection(SolutionProperties) = preSolution
		HideSolutionNode = FALSE
	EndGlobalSection
	GlobalSection(ExtensibilityGlobals) = postSolution
		SolutionGuid = {6B8FC63C-A4B1-44A1-B674-73387253699F}
	EndGlobalSection
EndGlobal
